
Microsoft Visual Studio Solution File, Format Version 12.00
# Visual Studio Version 17
VisualStudioVersion = 17.4.33205.214
MinimumVisualStudioVersion = 10.0.40219.1
Project("{FAE04EC0-301F-11D3-BF4B-00C04F79EFBC}") = "VersionBumper", "VersionBumper\VersionBumper.csproj", "{13250CF4-2A04-49B5-8008-AA0CC33CED98}"
EndProject
Global
	GlobalSection(SolutionConfigurationPlatforms) = preSolution
		Debug|Any CPU = Debug|Any CPU
		Release|Any CPU = Release|Any CPU
	EndGlobalSection
	GlobalSection(ProjectConfigurationPlatforms) = postSolution
		{13250CF4-2A04-49B5-8008-AA0CC33CED98}.Debug|Any CPU.ActiveCfg = Debug|Any CPU
		{13250CF4-2A04-49B5-8008-AA0CC33CED98}.Debug|Any CPU.Build.0 = Debug|Any CPU
		{13250CF4-2A04-49B5-8008-AA0CC33CED98}.Release|Any CPU.ActiveCfg = Release|Any CPU
		{13250CF4-2A04-49B5-8008-AA0CC33CED98}.Release|Any CPU.Build.0 = Release|Any CPU
	EndGlobalSection
	GlobalSection(SolutionProperties) = preSolution
		HideSolutionNode = FALSE
	EndGlobalSection
	GlobalSection(ExtensibilityGlobals) = postSolution
		SolutionGuid = {A1990563-F0D5-4F49-B617-4548DAF53EAB}
	EndGlobalSection
EndGlobal
